
Microsoft Visual Studio Solution File, Format Version 12.00
# Visual Studio Version 17
VisualStudioVersion = 17.2.32630.192
MinimumVisualStudioVersion = 10.0.40219.1
Project("{FAE04EC0-301F-11D3-BF4B-00C04F79EFBC}") = "Startup.Web", "Startup.Web\Startup.Web.csproj", "{908BB56A-20A9-468B-8A57-81AEBA22064B}"
EndProject
Global
	GlobalSection(SolutionConfigurationPlatforms) = preSolution
		Debug|Any CPU = Debug|Any CPU
		Release|Any CPU = Release|Any CPU
	EndGlobalSection
	GlobalSection(ProjectConfigurationPlatforms) = postSolution
		{908BB56A-20A9-468B-8A57-81AEBA22064B}.Debug|Any CPU.ActiveCfg = Debug|Any CPU
		{908BB56A-20A9-468B-8A57-81AEBA22064B}.Debug|Any CPU.Build.0 = Debug|Any CPU
		{908BB56A-20A9-468B-8A57-81AEBA22064B}.Release|Any CPU.ActiveCfg = Release|Any CPU
		{908BB56A-20A9-468B-8A57-81AEBA22064B}.Release|Any CPU.Build.0 = Release|Any CPU
	EndGlobalSection
	GlobalSection(SolutionProperties) = preSolution
		HideSolutionNode = FALSE
	EndGlobalSection
	GlobalSection(ExtensibilityGlobals) = postSolution
		SolutionGuid = {01FBCE1E-D71F-4463-B65E-94200B7AB29F}
	EndGlobalSection
EndGlobal
